
Microsoft Visual Studio Solution File, Format Version 12.00
# Visual Studio 15
VisualStudioVersion = 15.0.27130.2024
MinimumVisualStudioVersion = 10.0.40219.1
Project("{FAE04EC0-301F-11D3-BF4B-00C04F79EFBC}") = "Conductor", "Conductor\Conductor.csproj", "{18B9BDC8-756A-442D-8A50-68D4B3557BED}"
EndProject
Project("{FAE04EC0-301F-11D3-BF4B-00C04F79EFBC}") = "Library_Conductor", "Library_Conductor\Library_Conductor.csproj", "{678174F6-7377-45B7-A174-289D2260DCE2}"
EndProject
Global
	GlobalSection(SolutionConfigurationPlatforms) = preSolution
		Debug|Any CPU = Debug|Any CPU
		Release|Any CPU = Release|Any CPU
	EndGlobalSection
	GlobalSection(ProjectConfigurationPlatforms) = postSolution
		{18B9BDC8-756A-442D-8A50-68D4B3557BED}.Debug|Any CPU.ActiveCfg = Debug|Any CPU
		{18B9BDC8-756A-442D-8A50-68D4B3557BED}.Debug|Any CPU.Build.0 = Debug|Any CPU
		{18B9BDC8-756A-442D-8A50-68D4B3557BED}.Release|Any CPU.ActiveCfg = Release|Any CPU
		{18B9BDC8-756A-442D-8A50-68D4B3557BED}.Release|Any CPU.Build.0 = Release|Any CPU
		{678174F6-7377-45B7-A174-289D2260DCE2}.Debug|Any CPU.ActiveCfg = Debug|Any CPU
		{678174F6-7377-45B7-A174-289D2260DCE2}.Debug|Any CPU.Build.0 = Debug|Any CPU
		{678174F6-7377-45B7-A174-289D2260DCE2}.Release|Any CPU.ActiveCfg = Release|Any CPU
		{678174F6-7377-45B7-A174-289D2260DCE2}.Release|Any CPU.Build.0 = Release|Any CPU
	EndGlobalSection
	GlobalSection(SolutionProperties) = preSolution
		HideSolutionNode = FALSE
	EndGlobalSection
	GlobalSection(ExtensibilityGlobals) = postSolution
		SolutionGuid = {EE858926-D23F-4E46-A2E1-90F93EB6CA98}
	EndGlobalSection
EndGlobal
