
Microsoft Visual Studio Solution File, Format Version 12.00
# Visual Studio 15
VisualStudioVersion = 15.0.27130.2024
MinimumVisualStudioVersion = 10.0.40219.1
Project("{FAE04EC0-301F-11D3-BF4B-00C04F79EFBC}") = "Conductor", "Conductor\Conductor.csproj", "{18B9BDC8-756A-442D-8A50-68D4B3557BED}"
EndProject
Project("{FAE04EC0-301F-11D3-BF4B-00C04F79EFBC}") = "Library_Conductor", "Library_Conductor\Library_Conductor.csproj", "{678174F6-7377-45B7-A174-289D2260DCE2}"
EndProject
Project("{FAE04EC0-301F-11D3-BF4B-00C04F79EFBC}") = "Host_Conductor", "Host_Conductor\Host_Conductor.csproj", "{A3C67B29-E0A5-489D-AA8E-83454FC134D0}"
EndProject
Project("{FAE04EC0-301F-11D3-BF4B-00C04F79EFBC}") = "Model", "Model\Model.csproj", "{F08B02B1-87CE-4C60-9A39-3DE2ECC3995E}"
EndProject
Global
	GlobalSection(SolutionConfigurationPlatforms) = preSolution
		Debug|Any CPU = Debug|Any CPU
		Debug|ARM = Debug|ARM
		Debug|x64 = Debug|x64
		Debug|x86 = Debug|x86
		Release|Any CPU = Release|Any CPU
		Release|ARM = Release|ARM
		Release|x64 = Release|x64
		Release|x86 = Release|x86
	EndGlobalSection
	GlobalSection(ProjectConfigurationPlatforms) = postSolution
		{18B9BDC8-756A-442D-8A50-68D4B3557BED}.Debug|Any CPU.ActiveCfg = Debug|Any CPU
		{18B9BDC8-756A-442D-8A50-68D4B3557BED}.Debug|Any CPU.Build.0 = Debug|Any CPU
		{18B9BDC8-756A-442D-8A50-68D4B3557BED}.Debug|ARM.ActiveCfg = Debug|Any CPU
		{18B9BDC8-756A-442D-8A50-68D4B3557BED}.Debug|ARM.Build.0 = Debug|Any CPU
		{18B9BDC8-756A-442D-8A50-68D4B3557BED}.Debug|x64.ActiveCfg = Debug|Any CPU
		{18B9BDC8-756A-442D-8A50-68D4B3557BED}.Debug|x64.Build.0 = Debug|Any CPU
		{18B9BDC8-756A-442D-8A50-68D4B3557BED}.Debug|x86.ActiveCfg = Debug|Any CPU
		{18B9BDC8-756A-442D-8A50-68D4B3557BED}.Debug|x86.Build.0 = Debug|Any CPU
		{18B9BDC8-756A-442D-8A50-68D4B3557BED}.Release|Any CPU.ActiveCfg = Release|Any CPU
		{18B9BDC8-756A-442D-8A50-68D4B3557BED}.Release|Any CPU.Build.0 = Release|Any CPU
		{18B9BDC8-756A-442D-8A50-68D4B3557BED}.Release|ARM.ActiveCfg = Release|Any CPU
		{18B9BDC8-756A-442D-8A50-68D4B3557BED}.Release|ARM.Build.0 = Release|Any CPU
		{18B9BDC8-756A-442D-8A50-68D4B3557BED}.Release|x64.ActiveCfg = Release|Any CPU
		{18B9BDC8-756A-442D-8A50-68D4B3557BED}.Release|x64.Build.0 = Release|Any CPU
		{18B9BDC8-756A-442D-8A50-68D4B3557BED}.Release|x86.ActiveCfg = Release|Any CPU
		{18B9BDC8-756A-442D-8A50-68D4B3557BED}.Release|x86.Build.0 = Release|Any CPU
		{678174F6-7377-45B7-A174-289D2260DCE2}.Debug|Any CPU.ActiveCfg = Debug|Any CPU
		{678174F6-7377-45B7-A174-289D2260DCE2}.Debug|Any CPU.Build.0 = Debug|Any CPU
		{678174F6-7377-45B7-A174-289D2260DCE2}.Debug|ARM.ActiveCfg = Debug|Any CPU
		{678174F6-7377-45B7-A174-289D2260DCE2}.Debug|ARM.Build.0 = Debug|Any CPU
		{678174F6-7377-45B7-A174-289D2260DCE2}.Debug|x64.ActiveCfg = Debug|Any CPU
		{678174F6-7377-45B7-A174-289D2260DCE2}.Debug|x64.Build.0 = Debug|Any CPU
		{678174F6-7377-45B7-A174-289D2260DCE2}.Debug|x86.ActiveCfg = Debug|Any CPU
		{678174F6-7377-45B7-A174-289D2260DCE2}.Debug|x86.Build.0 = Debug|Any CPU
		{678174F6-7377-45B7-A174-289D2260DCE2}.Release|Any CPU.ActiveCfg = Release|Any CPU
		{678174F6-7377-45B7-A174-289D2260DCE2}.Release|Any CPU.Build.0 = Release|Any CPU
		{678174F6-7377-45B7-A174-289D2260DCE2}.Release|ARM.ActiveCfg = Release|Any CPU
		{678174F6-7377-45B7-A174-289D2260DCE2}.Release|ARM.Build.0 = Release|Any CPU
		{678174F6-7377-45B7-A174-289D2260DCE2}.Release|x64.ActiveCfg = Release|Any CPU
		{678174F6-7377-45B7-A174-289D2260DCE2}.Release|x64.Build.0 = Release|Any CPU
		{678174F6-7377-45B7-A174-289D2260DCE2}.Release|x86.ActiveCfg = Release|Any CPU
		{678174F6-7377-45B7-A174-289D2260DCE2}.Release|x86.Build.0 = Release|Any CPU
		{A3C67B29-E0A5-489D-AA8E-83454FC134D0}.Debug|Any CPU.ActiveCfg = Debug|Any CPU
		{A3C67B29-E0A5-489D-AA8E-83454FC134D0}.Debug|Any CPU.Build.0 = Debug|Any CPU
		{A3C67B29-E0A5-489D-AA8E-83454FC134D0}.Debug|ARM.ActiveCfg = Debug|Any CPU
		{A3C67B29-E0A5-489D-AA8E-83454FC134D0}.Debug|ARM.Build.0 = Debug|Any CPU
		{A3C67B29-E0A5-489D-AA8E-83454FC134D0}.Debug|x64.ActiveCfg = Debug|Any CPU
		{A3C67B29-E0A5-489D-AA8E-83454FC134D0}.Debug|x64.Build.0 = Debug|Any CPU
		{A3C67B29-E0A5-489D-AA8E-83454FC134D0}.Debug|x86.ActiveCfg = Debug|Any CPU
		{A3C67B29-E0A5-489D-AA8E-83454FC134D0}.Debug|x86.Build.0 = Debug|Any CPU
		{A3C67B29-E0A5-489D-AA8E-83454FC134D0}.Release|Any CPU.ActiveCfg = Release|Any CPU
		{A3C67B29-E0A5-489D-AA8E-83454FC134D0}.Release|Any CPU.Build.0 = Release|Any CPU
		{A3C67B29-E0A5-489D-AA8E-83454FC134D0}.Release|ARM.ActiveCfg = Release|Any CPU
		{A3C67B29-E0A5-489D-AA8E-83454FC134D0}.Release|ARM.Build.0 = Release|Any CPU
		{A3C67B29-E0A5-489D-AA8E-83454FC134D0}.Release|x64.ActiveCfg = Release|Any CPU
		{A3C67B29-E0A5-489D-AA8E-83454FC134D0}.Release|x64.Build.0 = Release|Any CPU
		{A3C67B29-E0A5-489D-AA8E-83454FC134D0}.Release|x86.ActiveCfg = Release|Any CPU
		{A3C67B29-E0A5-489D-AA8E-83454FC134D0}.Release|x86.Build.0 = Release|Any CPU
		{F08B02B1-87CE-4C60-9A39-3DE2ECC3995E}.Debug|Any CPU.ActiveCfg = Debug|Any CPU
		{F08B02B1-87CE-4C60-9A39-3DE2ECC3995E}.Debug|Any CPU.Build.0 = Debug|Any CPU
		{F08B02B1-87CE-4C60-9A39-3DE2ECC3995E}.Debug|ARM.ActiveCfg = Debug|Any CPU
		{F08B02B1-87CE-4C60-9A39-3DE2ECC3995E}.Debug|ARM.Build.0 = Debug|Any CPU
		{F08B02B1-87CE-4C60-9A39-3DE2ECC3995E}.Debug|x64.ActiveCfg = Debug|Any CPU
		{F08B02B1-87CE-4C60-9A39-3DE2ECC3995E}.Debug|x64.Build.0 = Debug|Any CPU
		{F08B02B1-87CE-4C60-9A39-3DE2ECC3995E}.Debug|x86.ActiveCfg = Debug|Any CPU
		{F08B02B1-87CE-4C60-9A39-3DE2ECC3995E}.Debug|x86.Build.0 = Debug|Any CPU
		{F08B02B1-87CE-4C60-9A39-3DE2ECC3995E}.Release|Any CPU.ActiveCfg = Release|Any CPU
		{F08B02B1-87CE-4C60-9A39-3DE2ECC3995E}.Release|Any CPU.Build.0 = Release|Any CPU
		{F08B02B1-87CE-4C60-9A39-3DE2ECC3995E}.Release|ARM.ActiveCfg = Release|Any CPU
		{F08B02B1-87CE-4C60-9A39-3DE2ECC3995E}.Release|ARM.Build.0 = Release|Any CPU
		{F08B02B1-87CE-4C60-9A39-3DE2ECC3995E}.Release|x64.ActiveCfg = Release|Any CPU
		{F08B02B1-87CE-4C60-9A39-3DE2ECC3995E}.Release|x64.Build.0 = Release|Any CPU
		{F08B02B1-87CE-4C60-9A39-3DE2ECC3995E}.Release|x86.ActiveCfg = Release|Any CPU
		{F08B02B1-87CE-4C60-9A39-3DE2ECC3995E}.Release|x86.Build.0 = Release|Any CPU
	EndGlobalSection
	GlobalSection(SolutionProperties) = preSolution
		HideSolutionNode = FALSE
	EndGlobalSection
	GlobalSection(ExtensibilityGlobals) = postSolution
		SolutionGuid = {EE858926-D23F-4E46-A2E1-90F93EB6CA98}
	EndGlobalSection
EndGlobal
